
Microsoft Visual Studio Solution File, Format Version 12.00
# Visual Studio 15
VisualStudioVersion = 15.0.28307.852
MinimumVisualStudioVersion = 10.0.40219.1
Project("{2150E333-8FDC-42A3-9474-1A3956D46DE8}") = "Solution Items", "Solution Items", "{2172C308-9EA1-4CCE-850F-9448E8E45DA6}"
	ProjectSection(SolutionItems) = preProject
		LICENSE.txt = LICENSE.txt
		Sara-WinForm.nuspec = Sara-WinForm.nuspec
	EndProjectSection
EndProject
Project("{2150E333-8FDC-42A3-9474-1A3956D46DE8}") = ".NET Framework", ".NET Framework", "{53FC86B4-9C8E-4357-8B32-9BF59B2858F5}"
EndProject
Project("{FAE04EC0-301F-11D3-BF4B-00C04F79EFBC}") = "Sara.NETFramework.WinForm", ".NET Framework\Sara.NETFramework.WinForm\Sara.NETFramework.WinForm.csproj", "{53EAD60B-DF68-4A37-9813-E2FC2DB144B1}"
EndProject
Project("{FAE04EC0-301F-11D3-BF4B-00C04F79EFBC}") = "Sara.NETFramework.WinForm.MVVM", ".NET Framework\Sara.NETFramework.WinForm.MVVM\Sara.NETFramework.WinForm.MVVM.csproj", "{8EADDB83-A31E-4F48-8467-ADE49CB7D446}"
EndProject
Project("{FAE04EC0-301F-11D3-BF4B-00C04F79EFBC}") = "Sara.NETFramework.WinForm.Notification", ".NET Framework\Sara.NETFramework.WinForm.Notification\Sara.NETFramework.WinForm.Notification.csproj", "{95DB357D-9D41-4469-B752-85D68245F77B}"
EndProject
Project("{9A19103F-16F7-4668-BE54-9A1E7A4F7556}") = "NuGet Empty", "NuGet Empty\NuGet Empty.csproj", "{AE82F9C3-3813-42C9-8D02-7F9DE0D4B9F6}"
EndProject
Global
	GlobalSection(SolutionConfigurationPlatforms) = preSolution
		Debug|Any CPU = Debug|Any CPU
		Release|Any CPU = Release|Any CPU
	EndGlobalSection
	GlobalSection(ProjectConfigurationPlatforms) = postSolution
		{53EAD60B-DF68-4A37-9813-E2FC2DB144B1}.Debug|Any CPU.ActiveCfg = Debug|Any CPU
		{53EAD60B-DF68-4A37-9813-E2FC2DB144B1}.Debug|Any CPU.Build.0 = Debug|Any CPU
		{53EAD60B-DF68-4A37-9813-E2FC2DB144B1}.Release|Any CPU.ActiveCfg = Release|Any CPU
		{53EAD60B-DF68-4A37-9813-E2FC2DB144B1}.Release|Any CPU.Build.0 = Release|Any CPU
		{8EADDB83-A31E-4F48-8467-ADE49CB7D446}.Debug|Any CPU.ActiveCfg = Debug|Any CPU
		{8EADDB83-A31E-4F48-8467-ADE49CB7D446}.Debug|Any CPU.Build.0 = Debug|Any CPU
		{8EADDB83-A31E-4F48-8467-ADE49CB7D446}.Release|Any CPU.ActiveCfg = Release|Any CPU
		{8EADDB83-A31E-4F48-8467-ADE49CB7D446}.Release|Any CPU.Build.0 = Release|Any CPU
		{95DB357D-9D41-4469-B752-85D68245F77B}.Debug|Any CPU.ActiveCfg = Debug|Any CPU
		{95DB357D-9D41-4469-B752-85D68245F77B}.Debug|Any CPU.Build.0 = Debug|Any CPU
		{95DB357D-9D41-4469-B752-85D68245F77B}.Release|Any CPU.ActiveCfg = Release|Any CPU
		{95DB357D-9D41-4469-B752-85D68245F77B}.Release|Any CPU.Build.0 = Release|Any CPU
		{AE82F9C3-3813-42C9-8D02-7F9DE0D4B9F6}.Debug|Any CPU.ActiveCfg = Debug|Any CPU
		{AE82F9C3-3813-42C9-8D02-7F9DE0D4B9F6}.Debug|Any CPU.Build.0 = Debug|Any CPU
		{AE82F9C3-3813-42C9-8D02-7F9DE0D4B9F6}.Release|Any CPU.ActiveCfg = Release|Any CPU
		{AE82F9C3-3813-42C9-8D02-7F9DE0D4B9F6}.Release|Any CPU.Build.0 = Release|Any CPU
	EndGlobalSection
	GlobalSection(SolutionProperties) = preSolution
		HideSolutionNode = FALSE
	EndGlobalSection
	GlobalSection(NestedProjects) = preSolution
		{53FC86B4-9C8E-4357-8B32-9BF59B2858F5} = {2172C308-9EA1-4CCE-850F-9448E8E45DA6}
		{53EAD60B-DF68-4A37-9813-E2FC2DB144B1} = {53FC86B4-9C8E-4357-8B32-9BF59B2858F5}
		{8EADDB83-A31E-4F48-8467-ADE49CB7D446} = {53FC86B4-9C8E-4357-8B32-9BF59B2858F5}
		{95DB357D-9D41-4469-B752-85D68245F77B} = {53FC86B4-9C8E-4357-8B32-9BF59B2858F5}
	EndGlobalSection
	GlobalSection(ExtensibilityGlobals) = postSolution
		SolutionGuid = {676FBD67-2EB1-49A3-96B6-E0643469930F}
	EndGlobalSection
EndGlobal
